
Microsoft Visual Studio Solution File, Format Version 12.00
# Visual Studio 15
VisualStudioVersion = 15.0.28010.2046
MinimumVisualStudioVersion = 10.0.40219.1
Project("{FAE04EC0-301F-11D3-BF4B-00C04F79EFBC}") = "GZipTest", "GZipTest\GZipTest.csproj", "{D87488C6-E451-4DDA-85A7-B86C22FD6887}"
EndProject
Project("{FAE04EC0-301F-11D3-BF4B-00C04F79EFBC}") = "GZipTest.Test", "GZipTest.Test\GZipTest.Test.csproj", "{C929263A-DDDF-40DE-A67B-78013DA4E2C9}"
EndProject
Global
	GlobalSection(SolutionConfigurationPlatforms) = preSolution
		Debug|Any CPU = Debug|Any CPU
		Release|Any CPU = Release|Any CPU
	EndGlobalSection
	GlobalSection(ProjectConfigurationPlatforms) = postSolution
		{D87488C6-E451-4DDA-85A7-B86C22FD6887}.Debug|Any CPU.ActiveCfg = Debug|Any CPU
		{D87488C6-E451-4DDA-85A7-B86C22FD6887}.Debug|Any CPU.Build.0 = Debug|Any CPU
		{D87488C6-E451-4DDA-85A7-B86C22FD6887}.Release|Any CPU.ActiveCfg = Release|Any CPU
		{D87488C6-E451-4DDA-85A7-B86C22FD6887}.Release|Any CPU.Build.0 = Release|Any CPU
		{C929263A-DDDF-40DE-A67B-78013DA4E2C9}.Debug|Any CPU.ActiveCfg = Debug|Any CPU
		{C929263A-DDDF-40DE-A67B-78013DA4E2C9}.Debug|Any CPU.Build.0 = Debug|Any CPU
		{C929263A-DDDF-40DE-A67B-78013DA4E2C9}.Release|Any CPU.ActiveCfg = Release|Any CPU
		{C929263A-DDDF-40DE-A67B-78013DA4E2C9}.Release|Any CPU.Build.0 = Release|Any CPU
	EndGlobalSection
	GlobalSection(SolutionProperties) = preSolution
		HideSolutionNode = FALSE
	EndGlobalSection
	GlobalSection(ExtensibilityGlobals) = postSolution
		SolutionGuid = {8ABFEB9F-FD29-4A2B-A4ED-3D329097B028}
	EndGlobalSection
EndGlobal
